// !$*UTF8*$!
{
	archiveVersion = 1;
	classes = {
	};
	objectVersion = 46;
	objects = {

/* Begin PBXBuildFile section */
		5046AC2415BC5E2B001F7D68 /* UIKit.framework in Frameworks */ = {isa = PBXBuildFile; fileRef = 5046AC2315BC5E2B001F7D68 /* UIKit.framework */; };
		5046AC2615BC5E2B001F7D68 /* Foundation.framework in Frameworks */ = {isa = PBXBuildFile; fileRef = 5046AC2515BC5E2B001F7D68 /* Foundation.framework */; };
		5046AC2815BC5E2B001F7D68 /* CoreGraphics.framework in Frameworks */ = {isa = PBXBuildFile; fileRef = 5046AC2715BC5E2B001F7D68 /* CoreGraphics.framework */; };
		5046AC2E15BC5E2B001F7D68 /* InfoPlist.strings in Resources */ = {isa = PBXBuildFile; fileRef = 5046AC2C15BC5E2B001F7D68 /* InfoPlist.strings */; };
		5046AC3015BC5E2B001F7D68 /* main.m in Sources */ = {isa = PBXBuildFile; fileRef = 5046AC2F15BC5E2B001F7D68 /* main.m */; };
		5046AC3415BC5E2B001F7D68 /* AppDelegate.m in Sources */ = {isa = PBXBuildFile; fileRef = 5046AC3315BC5E2B001F7D68 /* AppDelegate.m */; };
		5046AC3715BC5E2B001F7D68 /* ViewController.m in Sources */ = {isa = PBXBuildFile; fileRef = 5046AC3615BC5E2B001F7D68 /* ViewController.m */; };
		5046AC3A15BC5E2B001F7D68 /* ViewController.xib in Resources */ = {isa = PBXBuildFile; fileRef = 5046AC3815BC5E2B001F7D68 /* ViewController.xib */; };
		5046AC4615BC5E43001F7D68 /* MKBlockActionSheet.m in Sources */ = {isa = PBXBuildFile; fileRef = 5046AC4215BC5E43001F7D68 /* MKBlockActionSheet.m */; };
		5046AC4715BC5E43001F7D68 /* MKBlockAlertView.m in Sources */ = {isa = PBXBuildFile; fileRef = 5046AC4415BC5E43001F7D68 /* MKBlockAlertView.m */; };
		5046AC5115BC668A001F7D68 /* MessageUI.framework in Frameworks */ = {isa = PBXBuildFile; fileRef = 5046AC5015BC668A001F7D68 /* MessageUI.framework */; };
		507876B315BC68DF008D0F63 /* 18-envelope.png in Resources */ = {isa = PBXBuildFile; fileRef = 507876AF15BC68DF008D0F63 /* 18-envelope.png */; };
		507876B415BC68DF008D0F63 /* 18-envelope@2x.png in Resources */ = {isa = PBXBuildFile; fileRef = 507876B015BC68DF008D0F63 /* 18-envelope@2x.png */; };
		507876B515BC68DF008D0F63 /* 23-bird.png in Resources */ = {isa = PBXBuildFile; fileRef = 507876B115BC68DF008D0F63 /* 23-bird.png */; };
		507876B615BC68DF008D0F63 /* 23-bird@2x.png in Resources */ = {isa = PBXBuildFile; fileRef = 507876B215BC68DF008D0F63 /* 23-bird@2x.png */; };
/* End PBXBuildFile section */

/* Begin PBXFileReference section */
		5046AC1F15BC5E2B001F7D68 /* MKBlocksDemo.app */ = {isa = PBXFileReference; explicitFileType = wrapper.application; includeInIndex = 0; path = MKBlocksDemo.app; sourceTree = BUILT_PRODUCTS_DIR; };
		5046AC2315BC5E2B001F7D68 /* UIKit.framework */ = {isa = PBXFileReference; lastKnownFileType = wrapper.framework; name = UIKit.framework; path = System/Library/Frameworks/UIKit.framework; sourceTree = SDKROOT; };
		5046AC2515BC5E2B001F7D68 /* Foundation.framework */ = {isa = PBXFileReference; lastKnownFileType = wrapper.framework; name = Foundation.framework; path = System/Library/Frameworks/Foundation.framework; sourceTree = SDKROOT; };
		5046AC2715BC5E2B001F7D68 /* CoreGraphics.framework */ = {isa = PBXFileReference; lastKnownFileType = wrapper.framework; name = CoreGraphics.framework; path = System/Library/Frameworks/CoreGraphics.framework; sourceTree = SDKROOT; };
		5046AC2B15BC5E2B001F7D68 /* MKBlocksDemo-Info.plist */ = {isa = PBXFileReference; lastKnownFileType = text.plist.xml; path = "MKBlocksDemo-Info.plist"; sourceTree = "<group>"; };
		5046AC2D15BC5E2B001F7D68 /* en */ = {isa = PBXFileReference; lastKnownFileType = text.plist.strings; name = en; path = en.lproj/InfoPlist.strings; sourceTree = "<group>"; };
		5046AC2F15BC5E2B001F7D68 /* main.m */ = {isa = PBXFileReference; lastKnownFileType = sourcecode.c.objc; path = main.m; sourceTree = "<group>"; };
		5046AC3115BC5E2B001F7D68 /* MKBlocksDemo-Prefix.pch */ = {isa = PBXFileReference; lastKnownFileType = sourcecode.c.h; path = "MKBlocksDemo-Prefix.pch"; sourceTree = "<group>"; };
		5046AC3215BC5E2B001F7D68 /* AppDelegate.h */ = {isa = PBXFileReference; lastKnownFileType = sourcecode.c.h; path = AppDelegate.h; sourceTree = "<group>"; };
		5046AC3315BC5E2B001F7D68 /* AppDelegate.m */ = {isa = PBXFileReference; lastKnownFileType = sourcecode.c.objc; path = AppDelegate.m; sourceTree = "<group>"; };
		5046AC3515BC5E2B001F7D68 /* ViewController.h */ = {isa = PBXFileReference; lastKnownFileType = sourcecode.c.h; path = ViewController.h; sourceTree = "<group>"; };
		5046AC3615BC5E2B001F7D68 /* ViewController.m */ = {isa = PBXFileReference; lastKnownFileType = sourcecode.c.objc; path = ViewController.m; sourceTree = "<group>"; };
		5046AC3915BC5E2B001F7D68 /* en */ = {isa = PBXFileReference; lastKnownFileType = file.xib; name = en; path = en.lproj/ViewController.xib; sourceTree = "<group>"; };
		5046AC4115BC5E43001F7D68 /* MKBlockActionSheet.h */ = {isa = PBXFileReference; fileEncoding = 4; lastKnownFileType = sourcecode.c.h; path = MKBlockActionSheet.h; sourceTree = "<group>"; };
		5046AC4215BC5E43001F7D68 /* MKBlockActionSheet.m */ = {isa = PBXFileReference; fileEncoding = 4; lastKnownFileType = sourcecode.c.objc; path = MKBlockActionSheet.m; sourceTree = "<group>"; };
		5046AC4315BC5E43001F7D68 /* MKBlockAlertView.h */ = {isa = PBXFileReference; fileEncoding = 4; lastKnownFileType = sourcecode.c.h; path = MKBlockAlertView.h; sourceTree = "<group>"; };
		5046AC4415BC5E43001F7D68 /* MKBlockAlertView.m */ = {isa = PBXFileReference; fileEncoding = 4; lastKnownFileType = sourcecode.c.objc; path = MKBlockAlertView.m; sourceTree = "<group>"; };
		5046AC4515BC5E43001F7D68 /* MKBlockConstant.h */ = {isa = PBXFileReference; fileEncoding = 4; lastKnownFileType = sourcecode.c.h; path = MKBlockConstant.h; sourceTree = "<group>"; };
		5046AC5015BC668A001F7D68 /* MessageUI.framework */ = {isa = PBXFileReference; lastKnownFileType = wrapper.framework; name = MessageUI.framework; path = System/Library/Frameworks/MessageUI.framework; sourceTree = SDKROOT; };
		507876AF15BC68DF008D0F63 /* 18-envelope.png */ = {isa = PBXFileReference; lastKnownFileType = image.png; name = "18-envelope.png"; path = "Graphics/18-envelope.png"; sourceTree = "<group>"; };
		507876B015BC68DF008D0F63 /* 18-envelope@2x.png */ = {isa = PBXFileReference; lastKnownFileType = image.png; name = "18-envelope@2x.png"; path = "Graphics/18-envelope@2x.png"; sourceTree = "<group>"; };
		507876B115BC68DF008D0F63 /* 23-bird.png */ = {isa = PBXFileReference; lastKnownFileType = image.png; name = "23-bird.png"; path = "Graphics/23-bird.png"; sourceTree = "<group>"; };
		507876B215BC68DF008D0F63 /* 23-bird@2x.png */ = {isa = PBXFileReference; lastKnownFileType = image.png; name = "23-bird@2x.png"; path = "Graphics/23-bird@2x.png"; sourceTree = "<group>"; };
/* End PBXFileReference section */

/* Begin PBXFrameworksBuildPhase section */
		5046AC1C15BC5E2B001F7D68 /* Frameworks */ = {
			isa = PBXFrameworksBuildPhase;
			buildActionMask = 2147483647;
			files = (
				5046AC5115BC668A001F7D68 /* MessageUI.framework in Frameworks */,
				5046AC2415BC5E2B001F7D68 /* UIKit.framework in Frameworks */,
				5046AC2615BC5E2B001F7D68 /* Foundation.framework in Frameworks */,
				5046AC2815BC5E2B001F7D68 /* CoreGraphics.framework in Frameworks */,
			);
			runOnlyForDeploymentPostprocessing = 0;
		};
/* End PBXFrameworksBuildPhase section */

/* Begin PBXGroup section */
		5046AC1415BC5E2B001F7D68 = {
			isa = PBXGroup;
			children = (
				5046AC4015BC5E43001F7D68 /* MKBlocks */,
				5046AC2915BC5E2B001F7D68 /* MKBlocksDemo */,
				5046AC2215BC5E2B001F7D68 /* Frameworks */,
				5046AC2015BC5E2B001F7D68 /* Products */,
			);
			sourceTree = "<group>";
		};
		5046AC2015BC5E2B001F7D68 /* Products */ = {
			isa = PBXGroup;
			children = (
				5046AC1F15BC5E2B001F7D68 /* MKBlocksDemo.app */,
			);
			name = Products;
			sourceTree = "<group>";
		};
		5046AC2215BC5E2B001F7D68 /* Frameworks */ = {
			isa = PBXGroup;
			children = (
				5046AC5015BC668A001F7D68 /* MessageUI.framework */,
				5046AC2315BC5E2B001F7D68 /* UIKit.framework */,
				5046AC2515BC5E2B001F7D68 /* Foundation.framework */,
				5046AC2715BC5E2B001F7D68 /* CoreGraphics.framework */,
			);
			name = Frameworks;
			sourceTree = "<group>";
		};
		5046AC2915BC5E2B001F7D68 /* MKBlocksDemo */ = {
			isa = PBXGroup;
			children = (
				5046AC3215BC5E2B001F7D68 /* AppDelegate.h */,
				5046AC3315BC5E2B001F7D68 /* AppDelegate.m */,
				5046AC3515BC5E2B001F7D68 /* ViewController.h */,
				5046AC3615BC5E2B001F7D68 /* ViewController.m */,
				5046AC3815BC5E2B001F7D68 /* ViewController.xib */,
				5046AC2A15BC5E2B001F7D68 /* Supporting Files */,
			);
			path = MKBlocksDemo;
			sourceTree = "<group>";
		};
		5046AC2A15BC5E2B001F7D68 /* Supporting Files */ = {
			isa = PBXGroup;
			children = (
				5046AC2B15BC5E2B001F7D68 /* MKBlocksDemo-Info.plist */,
				5046AC2C15BC5E2B001F7D68 /* InfoPlist.strings */,
				5046AC2F15BC5E2B001F7D68 /* main.m */,
				5046AC3115BC5E2B001F7D68 /* MKBlocksDemo-Prefix.pch */,
				5046AC5215BC67F4001F7D68 /* Graphics */,
			);
			name = "Supporting Files";
			sourceTree = "<group>";
		};
		5046AC4015BC5E43001F7D68 /* MKBlocks */ = {
			isa = PBXGroup;
			children = (
				5046AC4115BC5E43001F7D68 /* MKBlockActionSheet.h */,
				5046AC4215BC5E43001F7D68 /* MKBlockActionSheet.m */,
				5046AC4315BC5E43001F7D68 /* MKBlockAlertView.h */,
				5046AC4415BC5E43001F7D68 /* MKBlockAlertView.m */,
				5046AC4515BC5E43001F7D68 /* MKBlockConstant.h */,
			);
			path = MKBlocks;
			sourceTree = "<group>";
		};
		5046AC5215BC67F4001F7D68 /* Graphics */ = {
			isa = PBXGroup;
			children = (
				507876AF15BC68DF008D0F63 /* 18-envelope.png */,
				507876B015BC68DF008D0F63 /* 18-envelope@2x.png */,
				507876B115BC68DF008D0F63 /* 23-bird.png */,
				507876B215BC68DF008D0F63 /* 23-bird@2x.png */,
			);
			name = Graphics;
			sourceTree = "<group>";
		};
/* End PBXGroup section */

/* Begin PBXNativeTarget section */
		5046AC1E15BC5E2B001F7D68 /* MKBlocksDemo */ = {
			isa = PBXNativeTarget;
			buildConfigurationList = 5046AC3D15BC5E2B001F7D68 /* Build configuration list for PBXNativeTarget "MKBlocksDemo" */;
			buildPhases = (
				5046AC1B15BC5E2B001F7D68 /* Sources */,
				5046AC1C15BC5E2B001F7D68 /* Frameworks */,
				5046AC1D15BC5E2B001F7D68 /* Resources */,
			);
			buildRules = (
			);
			dependencies = (
			);
			name = MKBlocksDemo;
			productName = MKBlocksDemo;
			productReference = 5046AC1F15BC5E2B001F7D68 /* MKBlocksDemo.app */;
			productType = "com.apple.product-type.application";
		};
/* End PBXNativeTarget section */

/* Begin PBXProject section */
		5046AC1615BC5E2B001F7D68 /* Project object */ = {
			isa = PBXProject;
			attributes = {
				LastUpgradeCheck = 0430;
			};
			buildConfigurationList = 5046AC1915BC5E2B001F7D68 /* Build configuration list for PBXProject "MKBlocksDemo" */;
			compatibilityVersion = "Xcode 3.2";
			developmentRegion = English;
			hasScannedForEncodings = 0;
			knownRegions = (
				en,
			);
			mainGroup = 5046AC1415BC5E2B001F7D68;
			productRefGroup = 5046AC2015BC5E2B001F7D68 /* Products */;
			projectDirPath = "";
			projectRoot = "";
			targets = (
				5046AC1E15BC5E2B001F7D68 /* MKBlocksDemo */,
			);
		};
/* End PBXProject section */

/* Begin PBXResourcesBuildPhase section */
		5046AC1D15BC5E2B001F7D68 /* Resources */ = {
			isa = PBXResourcesBuildPhase;
			buildActionMask = 2147483647;
			files = (
				5046AC2E15BC5E2B001F7D68 /* InfoPlist.strings in Resources */,
				5046AC3A15BC5E2B001F7D68 /* ViewController.xib in Resources */,
				507876B315BC68DF008D0F63 /* 18-envelope.png in Resources */,
				507876B415BC68DF008D0F63 /* 18-envelope@2x.png in Resources */,
				507876B515BC68DF008D0F63 /* 23-bird.png in Resources */,
				507876B615BC68DF008D0F63 /* 23-bird@2x.png in Resources */,
			);
			runOnlyForDeploymentPostprocessing = 0;
		};
/* End PBXResourcesBuildPhase section */

/* Begin PBXSourcesBuildPhase section */
		5046AC1B15BC5E2B001F7D68 /* Sources */ = {
			isa = PBXSourcesBuildPhase;
			buildActionMask = 2147483647;
			files = (
				5046AC3015BC5E2B001F7D68 /* main.m in Sources */,
				5046AC3415BC5E2B001F7D68 /* AppDelegate.m in Sources */,
				5046AC3715BC5E2B001F7D68 /* ViewController.m in Sources */,
				5046AC4615BC5E43001F7D68 /* MKBlockActionSheet.m in Sources */,
				5046AC4715BC5E43001F7D68 /* MKBlockAlertView.m in Sources */,
			);
			runOnlyForDeploymentPostprocessing = 0;
		};
/* End PBXSourcesBuildPhase section */

/* Begin PBXVariantGroup section */
		5046AC2C15BC5E2B001F7D68 /* InfoPlist.strings */ = {
			isa = PBXVariantGroup;
			children = (
				5046AC2D15BC5E2B001F7D68 /* en */,
			);
			name = InfoPlist.strings;
			sourceTree = "<group>";
		};
		5046AC3815BC5E2B001F7D68 /* ViewController.xib */ = {
			isa = PBXVariantGroup;
			children = (
				5046AC3915BC5E2B001F7D68 /* en */,
			);
			name = ViewController.xib;
			sourceTree = "<group>";
		};
/* End PBXVariantGroup section */

/* Begin XCBuildConfiguration section */
		5046AC3B15BC5E2B001F7D68 /* Debug */ = {
			isa = XCBuildConfiguration;
			buildSettings = {
				ALWAYS_SEARCH_USER_PATHS = NO;
				ARCHS = "$(ARCHS_STANDARD_32_BIT)";
				"CODE_SIGN_IDENTITY[sdk=iphoneos*]" = "iPhone Developer";
				COPY_PHASE_STRIP = NO;
				GCC_C_LANGUAGE_STANDARD = gnu99;
				GCC_DYNAMIC_NO_PIC = NO;
				GCC_OPTIMIZATION_LEVEL = 0;
				GCC_PREPROCESSOR_DEFINITIONS = (
					"DEBUG=1",
					"$(inherited)",
				);
				GCC_SYMBOLS_PRIVATE_EXTERN = NO;
				GCC_VERSION = com.apple.compilers.llvm.clang.1_0;
				GCC_WARN_ABOUT_RETURN_TYPE = YES;
				GCC_WARN_UNINITIALIZED_AUTOS = YES;
				GCC_WARN_UNUSED_VARIABLE = YES;
				IPHONEOS_DEPLOYMENT_TARGET = 5.1;
				SDKROOT = iphoneos;
			};
			name = Debug;
		};
		5046AC3C15BC5E2B001F7D68 /* Release */ = {
			isa = XCBuildConfiguration;
			buildSettings = {
				ALWAYS_SEARCH_USER_PATHS = NO;
				ARCHS = "$(ARCHS_STANDARD_32_BIT)";
				"CODE_SIGN_IDENTITY[sdk=iphoneos*]" = "iPhone Developer";
				COPY_PHASE_STRIP = YES;
				GCC_C_LANGUAGE_STANDARD = gnu99;
				GCC_VERSION = com.apple.compilers.llvm.clang.1_0;
				GCC_WARN_ABOUT_RETURN_TYPE = YES;
				GCC_WARN_UNINITIALIZED_AUTOS = YES;
				GCC_WARN_UNUSED_VARIABLE = YES;
				IPHONEOS_DEPLOYMENT_TARGET = 5.1;
				OTHER_CFLAGS = "-DNS_BLOCK_ASSERTIONS=1";
				SDKROOT = iphoneos;
				VALIDATE_PRODUCT = YES;
			};
			name = Release;
		};
		5046AC3E15BC5E2B001F7D68 /* Debug */ = {
			isa = XCBuildConfiguration;
			buildSettings = {
				GCC_PRECOMPILE_PREFIX_HEADER = YES;
				GCC_PREFIX_HEADER = "MKBlocksDemo/MKBlocksDemo-Prefix.pch";
				INFOPLIST_FILE = "MKBlocksDemo/MKBlocksDemo-Info.plist";
				PRODUCT_NAME = "$(TARGET_NAME)";
				WRAPPER_EXTENSION = app;
			};
			name = Debug;
		};
		5046AC3F15BC5E2B001F7D68 /* Release */ = {
			isa = XCBuildConfiguration;
			buildSettings = {
				GCC_PRECOMPILE_PREFIX_HEADER = YES;
				GCC_PREFIX_HEADER = "MKBlocksDemo/MKBlocksDemo-Prefix.pch";
				INFOPLIST_FILE = "MKBlocksDemo/MKBlocksDemo-Info.plist";
				PRODUCT_NAME = "$(TARGET_NAME)";
				WRAPPER_EXTENSION = app;
			};
			name = Release;
		};
/* End XCBuildConfiguration section */

/* Begin XCConfigurationList section */
		5046AC1915BC5E2B001F7D68 /* Build configuration list for PBXProject "MKBlocksDemo" */ = {
			isa = XCConfigurationList;
			buildConfigurations = (
				5046AC3B15BC5E2B001F7D68 /* Debug */,
				5046AC3C15BC5E2B001F7D68 /* Release */,
			);
			defaultConfigurationIsVisible = 0;
			defaultConfigurationName = Release;
		};
		5046AC3D15BC5E2B001F7D68 /* Build configuration list for PBXNativeTarget "MKBlocksDemo" */ = {
			isa = XCConfigurationList;
			buildConfigurations = (
				5046AC3E15BC5E2B001F7D68 /* Debug */,
				5046AC3F15BC5E2B001F7D68 /* Release */,
			);
			defaultConfigurationIsVisible = 0;
			defaultConfigurationName = Release;
		};
/* End XCConfigurationList section */
	};
	rootObject = 5046AC1615BC5E2B001F7D68 /* Project object */;
}
